
Microsoft Visual Studio Solution File, Format Version 12.00
# Visual Studio Version 17
VisualStudioVersion = 17.0.31903.59
MinimumVisualStudioVersion = 10.0.40219.1
Project("{FAE04EC0-301F-11D3-BF4B-00C04F79EFBC}") = "productApp", "productApp\productApp.csproj", "{D9C68861-6903-43E4-88B2-D31402E5CDE1}"
EndProject
Project("{FAE04EC0-301F-11D3-BF4B-00C04F79EFBC}") = "BOL", "BOL\BOL.csproj", "{CC70A9C8-83DC-471E-83FD-D9209F7E6E50}"
EndProject
Project("{FAE04EC0-301F-11D3-BF4B-00C04F79EFBC}") = "DAL", "DAL\DAL.csproj", "{73E20893-F249-43AC-A629-EC7E9EA13BD4}"
EndProject
Project("{FAE04EC0-301F-11D3-BF4B-00C04F79EFBC}") = "BLL", "BLL\BLL.csproj", "{8DECDCA9-59C6-469C-BA43-467226184C70}"
EndProject
Global
	GlobalSection(SolutionConfigurationPlatforms) = preSolution
		Debug|Any CPU = Debug|Any CPU
		Release|Any CPU = Release|Any CPU
	EndGlobalSection
	GlobalSection(SolutionProperties) = preSolution
		HideSolutionNode = FALSE
	EndGlobalSection
	GlobalSection(ProjectConfigurationPlatforms) = postSolution
		{D9C68861-6903-43E4-88B2-D31402E5CDE1}.Debug|Any CPU.ActiveCfg = Debug|Any CPU
		{D9C68861-6903-43E4-88B2-D31402E5CDE1}.Debug|Any CPU.Build.0 = Debug|Any CPU
		{D9C68861-6903-43E4-88B2-D31402E5CDE1}.Release|Any CPU.ActiveCfg = Release|Any CPU
		{D9C68861-6903-43E4-88B2-D31402E5CDE1}.Release|Any CPU.Build.0 = Release|Any CPU
		{CC70A9C8-83DC-471E-83FD-D9209F7E6E50}.Debug|Any CPU.ActiveCfg = Debug|Any CPU
		{CC70A9C8-83DC-471E-83FD-D9209F7E6E50}.Debug|Any CPU.Build.0 = Debug|Any CPU
		{CC70A9C8-83DC-471E-83FD-D9209F7E6E50}.Release|Any CPU.ActiveCfg = Release|Any CPU
		{CC70A9C8-83DC-471E-83FD-D9209F7E6E50}.Release|Any CPU.Build.0 = Release|Any CPU
		{73E20893-F249-43AC-A629-EC7E9EA13BD4}.Debug|Any CPU.ActiveCfg = Debug|Any CPU
		{73E20893-F249-43AC-A629-EC7E9EA13BD4}.Debug|Any CPU.Build.0 = Debug|Any CPU
		{73E20893-F249-43AC-A629-EC7E9EA13BD4}.Release|Any CPU.ActiveCfg = Release|Any CPU
		{73E20893-F249-43AC-A629-EC7E9EA13BD4}.Release|Any CPU.Build.0 = Release|Any CPU
		{8DECDCA9-59C6-469C-BA43-467226184C70}.Debug|Any CPU.ActiveCfg = Debug|Any CPU
		{8DECDCA9-59C6-469C-BA43-467226184C70}.Debug|Any CPU.Build.0 = Debug|Any CPU
		{8DECDCA9-59C6-469C-BA43-467226184C70}.Release|Any CPU.ActiveCfg = Release|Any CPU
		{8DECDCA9-59C6-469C-BA43-467226184C70}.Release|Any CPU.Build.0 = Release|Any CPU
	EndGlobalSection
EndGlobal
