
Microsoft Visual Studio Solution File, Format Version 12.00
# Visual Studio Version 17
VisualStudioVersion = 17.5.002.0
MinimumVisualStudioVersion = 10.0.40219.1
Project("{9A19103F-16F7-4668-BE54-9A1E7A4F7556}") = "TestORMApp", "TestORMApp.csproj", "{AA0D4D85-D715-41D9-9FC4-B29A5BAFE027}"
EndProject
Global
	GlobalSection(SolutionConfigurationPlatforms) = preSolution
		Debug|Any CPU = Debug|Any CPU
		Release|Any CPU = Release|Any CPU
	EndGlobalSection
	GlobalSection(ProjectConfigurationPlatforms) = postSolution
		{AA0D4D85-D715-41D9-9FC4-B29A5BAFE027}.Debug|Any CPU.ActiveCfg = Debug|Any CPU
		{AA0D4D85-D715-41D9-9FC4-B29A5BAFE027}.Debug|Any CPU.Build.0 = Debug|Any CPU
		{AA0D4D85-D715-41D9-9FC4-B29A5BAFE027}.Release|Any CPU.ActiveCfg = Release|Any CPU
		{AA0D4D85-D715-41D9-9FC4-B29A5BAFE027}.Release|Any CPU.Build.0 = Release|Any CPU
	EndGlobalSection
	GlobalSection(SolutionProperties) = preSolution
		HideSolutionNode = FALSE
	EndGlobalSection
	GlobalSection(ExtensibilityGlobals) = postSolution
		SolutionGuid = {373CE73F-696D-4E82-8602-B3EECD6A428F}
	EndGlobalSection
EndGlobal
